
Microsoft Visual Studio Solution File, Format Version 12.00
# Visual Studio Version 17
VisualStudioVersion = 17.8.34330.188
MinimumVisualStudioVersion = 10.0.40219.1
Project("{FAE04EC0-301F-11D3-BF4B-00C04F79EFBC}") = "apiAtawall", "apiAtawall\apiAtawall.csproj", "{F62D5748-9819-48F6-AF95-F7945B88B44D}"
EndProject
Global
	GlobalSection(SolutionConfigurationPlatforms) = preSolution
		Debug|Any CPU = Debug|Any CPU
		Release|Any CPU = Release|Any CPU
	EndGlobalSection
	GlobalSection(ProjectConfigurationPlatforms) = postSolution
		{F62D5748-9819-48F6-AF95-F7945B88B44D}.Debug|Any CPU.ActiveCfg = Debug|Any CPU
		{F62D5748-9819-48F6-AF95-F7945B88B44D}.Debug|Any CPU.Build.0 = Debug|Any CPU
		{F62D5748-9819-48F6-AF95-F7945B88B44D}.Release|Any CPU.ActiveCfg = Release|Any CPU
		{F62D5748-9819-48F6-AF95-F7945B88B44D}.Release|Any CPU.Build.0 = Release|Any CPU
	EndGlobalSection
	GlobalSection(SolutionProperties) = preSolution
		HideSolutionNode = FALSE
	EndGlobalSection
	GlobalSection(ExtensibilityGlobals) = postSolution
		SolutionGuid = {3FDC872D-C4F0-4DDC-B1F4-DE97F6507CB9}
	EndGlobalSection
EndGlobal
